
Microsoft Visual Studio Solution File, Format Version 12.00
# Visual Studio 15
VisualStudioVersion = 15.0.27428.2002
MinimumVisualStudioVersion = 10.0.40219.1
Project("{FAE04EC0-301F-11D3-BF4B-00C04F79EFBC}") = "FBSI Manager", "FBSI Manager\FBSI Manager.csproj", "{FC830B59-57C5-4BC4-A05A-3C7996367DD3}"
EndProject
Global
	GlobalSection(SolutionConfigurationPlatforms) = preSolution
		Debug|Any CPU = Debug|Any CPU
		Release|Any CPU = Release|Any CPU
	EndGlobalSection
	GlobalSection(ProjectConfigurationPlatforms) = postSolution
		{FC830B59-57C5-4BC4-A05A-3C7996367DD3}.Debug|Any CPU.ActiveCfg = Debug|Any CPU
		{FC830B59-57C5-4BC4-A05A-3C7996367DD3}.Debug|Any CPU.Build.0 = Debug|Any CPU
		{FC830B59-57C5-4BC4-A05A-3C7996367DD3}.Release|Any CPU.ActiveCfg = Release|Any CPU
		{FC830B59-57C5-4BC4-A05A-3C7996367DD3}.Release|Any CPU.Build.0 = Release|Any CPU
	EndGlobalSection
	GlobalSection(SolutionProperties) = preSolution
		HideSolutionNode = FALSE
	EndGlobalSection
	GlobalSection(ExtensibilityGlobals) = postSolution
		SolutionGuid = {45231534-1714-482C-930B-BA1D23B38A47}
	EndGlobalSection
EndGlobal
