
Microsoft Visual Studio Solution File, Format Version 12.00
# Visual Studio 15
VisualStudioVersion = 15.0.27428.2037
MinimumVisualStudioVersion = 10.0.40219.1
Project("{FAE04EC0-301F-11D3-BF4B-00C04F79EFBC}") = "FBSI Manager", "FBSI Manager.csproj", "{5E41C7EB-B63A-431B-9C78-08DD4B037F00}"
EndProject
Global
	GlobalSection(SolutionConfigurationPlatforms) = preSolution
		Debug|Any CPU = Debug|Any CPU
		Release|Any CPU = Release|Any CPU
	EndGlobalSection
	GlobalSection(ProjectConfigurationPlatforms) = postSolution
		{5E41C7EB-B63A-431B-9C78-08DD4B037F00}.Debug|Any CPU.ActiveCfg = Debug|Any CPU
		{5E41C7EB-B63A-431B-9C78-08DD4B037F00}.Debug|Any CPU.Build.0 = Debug|Any CPU
		{5E41C7EB-B63A-431B-9C78-08DD4B037F00}.Release|Any CPU.ActiveCfg = Release|Any CPU
		{5E41C7EB-B63A-431B-9C78-08DD4B037F00}.Release|Any CPU.Build.0 = Release|Any CPU
	EndGlobalSection
	GlobalSection(SolutionProperties) = preSolution
		HideSolutionNode = FALSE
	EndGlobalSection
	GlobalSection(ExtensibilityGlobals) = postSolution
		SolutionGuid = {08782AA7-0387-4CAC-B058-7E2A81E1AD0A}
	EndGlobalSection
EndGlobal
